
Microsoft Visual Studio Solution File, Format Version 12.00
# Visual Studio 2013
VisualStudioVersion = 12.0.30723.0
MinimumVisualStudioVersion = 10.0.40219.1
Project("{FAE04EC0-301F-11D3-BF4B-00C04F79EFBC}") = "Specifications", "Specifications\Specifications.csproj", "{C9E95955-8880-4D53-84A5-1740E5F8DB0A}"
EndProject
Project("{FAE04EC0-301F-11D3-BF4B-00C04F79EFBC}") = "Tests", "Tests\Tests.csproj", "{0DDE126D-E407-4FCD-ABFF-6098E0CF0F8B}"
EndProject
Project("{FAE04EC0-301F-11D3-BF4B-00C04F79EFBC}") = "Common", "Common\Common.csproj", "{7E6AD9DB-631F-4D22-A50C-1D26AE88DA12}"
EndProject
Project("{FAE04EC0-301F-11D3-BF4B-00C04F79EFBC}") = "DomainModel", "DomainModel\DomainModel.csproj", "{340B7973-DAAC-4368-8F36-3E21F270A2FD}"
EndProject
Global
	GlobalSection(SolutionConfigurationPlatforms) = preSolution
		Debug|Any CPU = Debug|Any CPU
		Release|Any CPU = Release|Any CPU
	EndGlobalSection
	GlobalSection(ProjectConfigurationPlatforms) = postSolution
		{C9E95955-8880-4D53-84A5-1740E5F8DB0A}.Debug|Any CPU.ActiveCfg = Debug|Any CPU
		{C9E95955-8880-4D53-84A5-1740E5F8DB0A}.Debug|Any CPU.Build.0 = Debug|Any CPU
		{C9E95955-8880-4D53-84A5-1740E5F8DB0A}.Release|Any CPU.ActiveCfg = Release|Any CPU
		{C9E95955-8880-4D53-84A5-1740E5F8DB0A}.Release|Any CPU.Build.0 = Release|Any CPU
		{0DDE126D-E407-4FCD-ABFF-6098E0CF0F8B}.Debug|Any CPU.ActiveCfg = Debug|Any CPU
		{0DDE126D-E407-4FCD-ABFF-6098E0CF0F8B}.Debug|Any CPU.Build.0 = Debug|Any CPU
		{0DDE126D-E407-4FCD-ABFF-6098E0CF0F8B}.Release|Any CPU.ActiveCfg = Release|Any CPU
		{0DDE126D-E407-4FCD-ABFF-6098E0CF0F8B}.Release|Any CPU.Build.0 = Release|Any CPU
		{7E6AD9DB-631F-4D22-A50C-1D26AE88DA12}.Debug|Any CPU.ActiveCfg = Debug|Any CPU
		{7E6AD9DB-631F-4D22-A50C-1D26AE88DA12}.Debug|Any CPU.Build.0 = Debug|Any CPU
		{7E6AD9DB-631F-4D22-A50C-1D26AE88DA12}.Release|Any CPU.ActiveCfg = Release|Any CPU
		{7E6AD9DB-631F-4D22-A50C-1D26AE88DA12}.Release|Any CPU.Build.0 = Release|Any CPU
		{340B7973-DAAC-4368-8F36-3E21F270A2FD}.Debug|Any CPU.ActiveCfg = Debug|Any CPU
		{340B7973-DAAC-4368-8F36-3E21F270A2FD}.Debug|Any CPU.Build.0 = Debug|Any CPU
		{340B7973-DAAC-4368-8F36-3E21F270A2FD}.Release|Any CPU.ActiveCfg = Release|Any CPU
		{340B7973-DAAC-4368-8F36-3E21F270A2FD}.Release|Any CPU.Build.0 = Release|Any CPU
	EndGlobalSection
	GlobalSection(SolutionProperties) = preSolution
		HideSolutionNode = FALSE
	EndGlobalSection
EndGlobal
